
Microsoft Visual Studio Solution File, Format Version 12.00
# Visual Studio Version 17
VisualStudioVersion = 17.9.34902.65
MinimumVisualStudioVersion = 10.0.40219.1
Project("{8BC9CEB8-8B4A-11D0-8D11-00A0C91BC942}") = "MultiThreading", "MultiThreading.vcxproj", "{F1F3D3E9-46E5-4F56-9952-25B547C5A0DD}"
EndProject
Global
	GlobalSection(SolutionConfigurationPlatforms) = preSolution
		Debug|x64 = Debug|x64
		Debug|x86 = Debug|x86
		Release|x64 = Release|x64
		Release|x86 = Release|x86
	EndGlobalSection
	GlobalSection(ProjectConfigurationPlatforms) = postSolution
		{F1F3D3E9-46E5-4F56-9952-25B547C5A0DD}.Debug|x64.ActiveCfg = Debug|x64
		{F1F3D3E9-46E5-4F56-9952-25B547C5A0DD}.Debug|x64.Build.0 = Debug|x64
		{F1F3D3E9-46E5-4F56-9952-25B547C5A0DD}.Debug|x86.ActiveCfg = Debug|Win32
		{F1F3D3E9-46E5-4F56-9952-25B547C5A0DD}.Debug|x86.Build.0 = Debug|Win32
		{F1F3D3E9-46E5-4F56-9952-25B547C5A0DD}.Release|x64.ActiveCfg = Release|x64
		{F1F3D3E9-46E5-4F56-9952-25B547C5A0DD}.Release|x64.Build.0 = Release|x64
		{F1F3D3E9-46E5-4F56-9952-25B547C5A0DD}.Release|x86.ActiveCfg = Release|Win32
		{F1F3D3E9-46E5-4F56-9952-25B547C5A0DD}.Release|x86.Build.0 = Release|Win32
	EndGlobalSection
	GlobalSection(SolutionProperties) = preSolution
		HideSolutionNode = FALSE
	EndGlobalSection
	GlobalSection(ExtensibilityGlobals) = postSolution
		SolutionGuid = {99643FE8-40A1-4632-B0F1-A22FB9895F97}
	EndGlobalSection
EndGlobal
